
Microsoft Visual Studio Solution File, Format Version 12.00
# Visual Studio Version 17
VisualStudioVersion = 17.9.34728.123
MinimumVisualStudioVersion = 10.0.40219.1
Project("{FAE04EC0-301F-11D3-BF4B-00C04F79EFBC}") = "CustomMessagebox", "CustomMessagebox\CustomMessagebox.csproj", "{02446178-19AA-4D92-A13F-181CBC471BB1}"
EndProject
Global
	GlobalSection(SolutionConfigurationPlatforms) = preSolution
		Debug|Any CPU = Debug|Any CPU
		Release|Any CPU = Release|Any CPU
	EndGlobalSection
	GlobalSection(ProjectConfigurationPlatforms) = postSolution
		{02446178-19AA-4D92-A13F-181CBC471BB1}.Debug|Any CPU.ActiveCfg = Debug|Any CPU
		{02446178-19AA-4D92-A13F-181CBC471BB1}.Debug|Any CPU.Build.0 = Debug|Any CPU
		{02446178-19AA-4D92-A13F-181CBC471BB1}.Release|Any CPU.ActiveCfg = Release|Any CPU
		{02446178-19AA-4D92-A13F-181CBC471BB1}.Release|Any CPU.Build.0 = Release|Any CPU
	EndGlobalSection
	GlobalSection(SolutionProperties) = preSolution
		HideSolutionNode = FALSE
	EndGlobalSection
	GlobalSection(ExtensibilityGlobals) = postSolution
		SolutionGuid = {D9A8C046-DA73-4E75-B4F8-0888590277D2}
	EndGlobalSection
EndGlobal
